// !$*UTF8*$!
{
	archiveVersion = 1;
	classes = {
	};
	objectVersion = 50;
	objects = {

/* Begin PBXBuildFile section */
		94E34D36254052AE00D4C43F /* AppDelegate.swift in Sources */ = {isa = PBXBuildFile; fileRef = 94E34D35254052AE00D4C43F /* AppDelegate.swift */; };
		94E34D38254052AE00D4C43F /* SceneDelegate.swift in Sources */ = {isa = PBXBuildFile; fileRef = 94E34D37254052AE00D4C43F /* SceneDelegate.swift */; };
		94E34D3A254052AE00D4C43F /* ContentView.swift in Sources */ = {isa = PBXBuildFile; fileRef = 94E34D39254052AE00D4C43F /* ContentView.swift */; };
		94E34D3D254052AE00D4C43F /* JPG_Steganography.xcdatamodeld in Sources */ = {isa = PBXBuildFile; fileRef = 94E34D3B254052AE00D4C43F /* JPG_Steganography.xcdatamodeld */; };
		94E34D3F254052B000D4C43F /* Assets.xcassets in Resources */ = {isa = PBXBuildFile; fileRef = 94E34D3E254052B000D4C43F /* Assets.xcassets */; };
		94E34D42254052B000D4C43F /* Preview Assets.xcassets in Resources */ = {isa = PBXBuildFile; fileRef = 94E34D41254052B000D4C43F /* Preview Assets.xcassets */; };
		94E34D45254052B000D4C43F /* LaunchScreen.storyboard in Resources */ = {isa = PBXBuildFile; fileRef = 94E34D43254052B000D4C43F /* LaunchScreen.storyboard */; };
		94E34D50254052B000D4C43F /* JPG_SteganographyTests.swift in Sources */ = {isa = PBXBuildFile; fileRef = 94E34D4F254052B000D4C43F /* JPG_SteganographyTests.swift */; };
		94E34D5B254052B000D4C43F /* JPG_SteganographyUITests.swift in Sources */ = {isa = PBXBuildFile; fileRef = 94E34D5A254052B000D4C43F /* JPG_SteganographyUITests.swift */; };
		94E34D732540535C00D4C43F /* JPG.swift in Sources */ = {isa = PBXBuildFile; fileRef = 94E34D722540535C00D4C43F /* JPG.swift */; };
		94E34D782540539A00D4C43F /* Embedder.swift in Sources */ = {isa = PBXBuildFile; fileRef = 94E34D772540539A00D4C43F /* Embedder.swift */; };
		94E34D7E254053F600D4C43F /* F5.swift in Sources */ = {isa = PBXBuildFile; fileRef = 94E34D7D254053F600D4C43F /* F5.swift */; };
		94E34D872540542B00D4C43F /* RSA.swift in Sources */ = {isa = PBXBuildFile; fileRef = 94E34D862540542B00D4C43F /* RSA.swift */; };
		94E34D902540546100D4C43F /* PhotoPicker.swift in Sources */ = {isa = PBXBuildFile; fileRef = 94E34D8F2540546100D4C43F /* PhotoPicker.swift */; };
		94E34D982540547C00D4C43F /* Function.swift in Sources */ = {isa = PBXBuildFile; fileRef = 94E34D972540547C00D4C43F /* Function.swift */; };
		94E34DC5254055F300D4C43F /* SettingView.swift in Sources */ = {isa = PBXBuildFile; fileRef = 94E34DC4254055F300D4C43F /* SettingView.swift */; };
		94E34DCA2540561000D4C43F /* UserView.swift in Sources */ = {isa = PBXBuildFile; fileRef = 94E34DC92540561000D4C43F /* UserView.swift */; };
		94E34DCF2540566300D4C43F /* RSAManagerView.swift in Sources */ = {isa = PBXBuildFile; fileRef = 94E34DCE2540566300D4C43F /* RSAManagerView.swift */; };
		94E34DD42540569A00D4C43F /* RSAManager.swift in Sources */ = {isa = PBXBuildFile; fileRef = 94E34DD32540569A00D4C43F /* RSAManager.swift */; };
		94E34DD9254056DA00D4C43F /* ImagePicker.swift in Sources */ = {isa = PBXBuildFile; fileRef = 94E34DD8254056DA00D4C43F /* ImagePicker.swift */; };
		94E34DE62540571C00D4C43F /* ExtractView.swift in Sources */ = {isa = PBXBuildFile; fileRef = 94E34DE52540571C00D4C43F /* ExtractView.swift */; };
		94E34DEB2540572E00D4C43F /* EmbedView.swift in Sources */ = {isa = PBXBuildFile; fileRef = 94E34DEA2540572E00D4C43F /* EmbedView.swift */; };
		94E34DF1254057CB00D4C43F /* HEADER.swift in Sources */ = {isa = PBXBuildFile; fileRef = 94E34DF0254057CB00D4C43F /* HEADER.swift */; };
		94E34DF925405A7200D4C43F /* DQT.swift in Sources */ = {isa = PBXBuildFile; fileRef = 94E34DF825405A7200D4C43F /* DQT.swift */; };
		94E34DFE25405A8600D4C43F /* DHT.swift in Sources */ = {isa = PBXBuildFile; fileRef = 94E34DFD25405A8600D4C43F /* DHT.swift */; };
		94E34E0325405AAB00D4C43F /* DRI.swift in Sources */ = {isa = PBXBuildFile; fileRef = 94E34E0225405AAB00D4C43F /* DRI.swift */; };
		94E34E0825405AE200D4C43F /* SOF0.swift in Sources */ = {isa = PBXBuildFile; fileRef = 94E34E0725405AE200D4C43F /* SOF0.swift */; };
		94E34E0D25405AF600D4C43F /* SOS.swift in Sources */ = {isa = PBXBuildFile; fileRef = 94E34E0C25405AF600D4C43F /* SOS.swift */; };
		94E34E1225405B7800D4C43F /* photo.png in Resources */ = {isa = PBXBuildFile; fileRef = 94E34E1125405B7800D4C43F /* photo.png */; };
		FA4E087F25405C4600D6DE12 /* Contacts.swift in Sources */ = {isa = PBXBuildFile; fileRef = FA4E087E25405C4600D6DE12 /* Contacts.swift */; };
/* End PBXBuildFile section */

/* Begin PBXContainerItemProxy section */
		94E34D4C254052B000D4C43F /* PBXContainerItemProxy */ = {
			isa = PBXContainerItemProxy;
			containerPortal = 94E34D2A254052AD00D4C43F /* Project object */;
			proxyType = 1;
			remoteGlobalIDString = 94E34D31254052AE00D4C43F;
			remoteInfo = JPG_Steganography;
		};
		94E34D57254052B000D4C43F /* PBXContainerItemProxy */ = {
			isa = PBXContainerItemProxy;
			containerPortal = 94E34D2A254052AD00D4C43F /* Project object */;
			proxyType = 1;
			remoteGlobalIDString = 94E34D31254052AE00D4C43F;
			remoteInfo = JPG_Steganography;
		};
/* End PBXContainerItemProxy section */

/* Begin PBXFileReference section */
		94E34D32254052AE00D4C43F /* JPG_Steganography.app */ = {isa = PBXFileReference; explicitFileType = wrapper.application; includeInIndex = 0; path = JPG_Steganography.app; sourceTree = BUILT_PRODUCTS_DIR; };
		94E34D35254052AE00D4C43F /* AppDelegate.swift */ = {isa = PBXFileReference; lastKnownFileType = sourcecode.swift; path = AppDelegate.swift; sourceTree = "<group>"; };
		94E34D37254052AE00D4C43F /* SceneDelegate.swift */ = {isa = PBXFileReference; lastKnownFileType = sourcecode.swift; path = SceneDelegate.swift; sourceTree = "<group>"; };
		94E34D39254052AE00D4C43F /* ContentView.swift */ = {isa = PBXFileReference; lastKnownFileType = sourcecode.swift; path = ContentView.swift; sourceTree = "<group>"; };
		94E34D3C254052AE00D4C43F /* JPG_Steganography.xcdatamodel */ = {isa = PBXFileReference; lastKnownFileType = wrapper.xcdatamodel; path = JPG_Steganography.xcdatamodel; sourceTree = "<group>"; };
		94E34D3E254052B000D4C43F /* Assets.xcassets */ = {isa = PBXFileReference; lastKnownFileType = folder.assetcatalog; path = Assets.xcassets; sourceTree = "<group>"; };
		94E34D41254052B000D4C43F /* Preview Assets.xcassets */ = {isa = PBXFileReference; lastKnownFileType = folder.assetcatalog; path = "Preview Assets.xcassets"; sourceTree = "<group>"; };
		94E34D44254052B000D4C43F /* Base */ = {isa = PBXFileReference; lastKnownFileType = file.storyboard; name = Base; path = Base.lproj/LaunchScreen.storyboard; sourceTree = "<group>"; };
		94E34D46254052B000D4C43F /* Info.plist */ = {isa = PBXFileReference; lastKnownFileType = text.plist.xml; path = Info.plist; sourceTree = "<group>"; };
		94E34D4B254052B000D4C43F /* JPG_SteganographyTests.xctest */ = {isa = PBXFileReference; explicitFileType = wrapper.cfbundle; includeInIndex = 0; path = JPG_SteganographyTests.xctest; sourceTree = BUILT_PRODUCTS_DIR; };
		94E34D4F254052B000D4C43F /* JPG_SteganographyTests.swift */ = {isa = PBXFileReference; lastKnownFileType = sourcecode.swift; path = JPG_SteganographyTests.swift; sourceTree = "<group>"; };
		94E34D51254052B000D4C43F /* Info.plist */ = {isa = PBXFileReference; lastKnownFileType = text.plist.xml; path = Info.plist; sourceTree = "<group>"; };
		94E34D56254052B000D4C43F /* JPG_SteganographyUITests.xctest */ = {isa = PBXFileReference; explicitFileType = wrapper.cfbundle; includeInIndex = 0; path = JPG_SteganographyUITests.xctest; sourceTree = BUILT_PRODUCTS_DIR; };
		94E34D5A254052B000D4C43F /* JPG_SteganographyUITests.swift */ = {isa = PBXFileReference; lastKnownFileType = sourcecode.swift; path = JPG_SteganographyUITests.swift; sourceTree = "<group>"; };
		94E34D5C254052B000D4C43F /* Info.plist */ = {isa = PBXFileReference; lastKnownFileType = text.plist.xml; path = Info.plist; sourceTree = "<group>"; };
		94E34D722540535C00D4C43F /* JPG.swift */ = {isa = PBXFileReference; lastKnownFileType = sourcecode.swift; path = JPG.swift; sourceTree = "<group>"; };
		94E34D772540539A00D4C43F /* Embedder.swift */ = {isa = PBXFileReference; lastKnownFileType = sourcecode.swift; path = Embedder.swift; sourceTree = "<group>"; };
		94E34D7D254053F600D4C43F /* F5.swift */ = {isa = PBXFileReference; lastKnownFileType = sourcecode.swift; path = F5.swift; sourceTree = "<group>"; };
		94E34D862540542B00D4C43F /* RSA.swift */ = {isa = PBXFileReference; lastKnownFileType = sourcecode.swift; path = RSA.swift; sourceTree = "<group>"; };
		94E34D8F2540546100D4C43F /* PhotoPicker.swift */ = {isa = PBXFileReference; lastKnownFileType = sourcecode.swift; path = PhotoPicker.swift; sourceTree = "<group>"; };
		94E34D972540547C00D4C43F /* Function.swift */ = {isa = PBXFileReference; lastKnownFileType = sourcecode.swift; path = Function.swift; sourceTree = "<group>"; };
		94E34DC4254055F300D4C43F /* SettingView.swift */ = {isa = PBXFileReference; lastKnownFileType = sourcecode.swift; path = SettingView.swift; sourceTree = "<group>"; };
		94E34DC92540561000D4C43F /* UserView.swift */ = {isa = PBXFileReference; lastKnownFileType = sourcecode.swift; path = UserView.swift; sourceTree = "<group>"; };
		94E34DCE2540566300D4C43F /* RSAManagerView.swift */ = {isa = PBXFileReference; lastKnownFileType = sourcecode.swift; path = RSAManagerView.swift; sourceTree = "<group>"; };
		94E34DD32540569A00D4C43F /* RSAManager.swift */ = {isa = PBXFileReference; lastKnownFileType = sourcecode.swift; path = RSAManager.swift; sourceTree = "<group>"; };
		94E34DD8254056DA00D4C43F /* ImagePicker.swift */ = {isa = PBXFileReference; lastKnownFileType = sourcecode.swift; path = ImagePicker.swift; sourceTree = "<group>"; };
		94E34DE52540571C00D4C43F /* ExtractView.swift */ = {isa = PBXFileReference; lastKnownFileType = sourcecode.swift; path = ExtractView.swift; sourceTree = "<group>"; };
		94E34DEA2540572E00D4C43F /* EmbedView.swift */ = {isa = PBXFileReference; lastKnownFileType = sourcecode.swift; path = EmbedView.swift; sourceTree = "<group>"; };
		94E34DF0254057CB00D4C43F /* HEADER.swift */ = {isa = PBXFileReference; lastKnownFileType = sourcecode.swift; path = HEADER.swift; sourceTree = "<group>"; };
		94E34DF825405A7200D4C43F /* DQT.swift */ = {isa = PBXFileReference; lastKnownFileType = sourcecode.swift; path = DQT.swift; sourceTree = "<group>"; };
		94E34DFD25405A8600D4C43F /* DHT.swift */ = {isa = PBXFileReference; lastKnownFileType = sourcecode.swift; path = DHT.swift; sourceTree = "<group>"; };
		94E34E0225405AAB00D4C43F /* DRI.swift */ = {isa = PBXFileReference; lastKnownFileType = sourcecode.swift; path = DRI.swift; sourceTree = "<group>"; };
		94E34E0725405AE200D4C43F /* SOF0.swift */ = {isa = PBXFileReference; lastKnownFileType = sourcecode.swift; path = SOF0.swift; sourceTree = "<group>"; };
		94E34E0C25405AF600D4C43F /* SOS.swift */ = {isa = PBXFileReference; lastKnownFileType = sourcecode.swift; path = SOS.swift; sourceTree = "<group>"; };
		94E34E1125405B7800D4C43F /* photo.png */ = {isa = PBXFileReference; lastKnownFileType = image.png; path = photo.png; sourceTree = "<group>"; };
		FA4E087E25405C4600D6DE12 /* Contacts.swift */ = {isa = PBXFileReference; lastKnownFileType = sourcecode.swift; path = Contacts.swift; sourceTree = "<group>"; };
/* End PBXFileReference section */

/* Begin PBXFrameworksBuildPhase section */
		94E34D2F254052AE00D4C43F /* Frameworks */ = {
			isa = PBXFrameworksBuildPhase;
			buildActionMask = 2147483647;
			files = (
			);
			runOnlyForDeploymentPostprocessing = 0;
		};
		94E34D48254052B000D4C43F /* Frameworks */ = {
			isa = PBXFrameworksBuildPhase;
			buildActionMask = 2147483647;
			files = (
			);
			runOnlyForDeploymentPostprocessing = 0;
		};
		94E34D53254052B000D4C43F /* Frameworks */ = {
			isa = PBXFrameworksBuildPhase;
			buildActionMask = 2147483647;
			files = (
			);
			runOnlyForDeploymentPostprocessing = 0;
		};
/* End PBXFrameworksBuildPhase section */

/* Begin PBXGroup section */
		94E34D29254052AD00D4C43F = {
			isa = PBXGroup;
			children = (
				94E34E1125405B7800D4C43F /* photo.png */,
				94E34D34254052AE00D4C43F /* JPG_Steganography */,
				94E34D4E254052B000D4C43F /* JPG_SteganographyTests */,
				94E34D59254052B000D4C43F /* JPG_SteganographyUITests */,
				94E34D33254052AE00D4C43F /* Products */,
			);
			sourceTree = "<group>";
		};
		94E34D33254052AE00D4C43F /* Products */ = {
			isa = PBXGroup;
			children = (
				94E34D32254052AE00D4C43F /* JPG_Steganography.app */,
				94E34D4B254052B000D4C43F /* JPG_SteganographyTests.xctest */,
				94E34D56254052B000D4C43F /* JPG_SteganographyUITests.xctest */,
			);
			name = Products;
			sourceTree = "<group>";
		};
		94E34D34254052AE00D4C43F /* JPG_Steganography */ = {
			isa = PBXGroup;
			children = (
				94E34D8E2540544300D4C43F /* SwiftModels */,
				94E34DEF254057B000D4C43F /* JpgFormat */,
				94E34D6B2540531A00D4C43F /* JPGModels */,
				94E34D852540540800D4C43F /* CryptographyTechnology */,
				94E34D7C254053B500D4C43F /* SteganographyTechnology */,
				FA4E087D25405C2300D6DE12 /* ContactsCoreData */,
				94E34DB72540556200D4C43F /* SwiftUI */,
				94E34DA2254054AF00D4C43F /* SwiftUI_View */,
				94E34D35254052AE00D4C43F /* AppDelegate.swift */,
				94E34D37254052AE00D4C43F /* SceneDelegate.swift */,
				94E34D39254052AE00D4C43F /* ContentView.swift */,
				94E34D3E254052B000D4C43F /* Assets.xcassets */,
				94E34D43254052B000D4C43F /* LaunchScreen.storyboard */,
				94E34D46254052B000D4C43F /* Info.plist */,
				94E34D3B254052AE00D4C43F /* JPG_Steganography.xcdatamodeld */,
				94E34D40254052B000D4C43F /* Preview Content */,
			);
			path = JPG_Steganography;
			sourceTree = "<group>";
		};
		94E34D40254052B000D4C43F /* Preview Content */ = {
			isa = PBXGroup;
			children = (
				94E34D41254052B000D4C43F /* Preview Assets.xcassets */,
			);
			path = "Preview Content";
			sourceTree = "<group>";
		};
		94E34D4E254052B000D4C43F /* JPG_SteganographyTests */ = {
			isa = PBXGroup;
			children = (
				94E34D4F254052B000D4C43F /* JPG_SteganographyTests.swift */,
				94E34D51254052B000D4C43F /* Info.plist */,
			);
			path = JPG_SteganographyTests;
			sourceTree = "<group>";
		};
		94E34D59254052B000D4C43F /* JPG_SteganographyUITests */ = {
			isa = PBXGroup;
			children = (
				94E34D5A254052B000D4C43F /* JPG_SteganographyUITests.swift */,
				94E34D5C254052B000D4C43F /* Info.plist */,
			);
			path = JPG_SteganographyUITests;
			sourceTree = "<group>";
		};
		94E34D6B2540531A00D4C43F /* JPGModels */ = {
			isa = PBXGroup;
			children = (
				94E34D722540535C00D4C43F /* JPG.swift */,
				94E34D772540539A00D4C43F /* Embedder.swift */,
			);
			path = JPGModels;
			sourceTree = "<group>";
		};
		94E34D7C254053B500D4C43F /* SteganographyTechnology */ = {
			isa = PBXGroup;
			children = (
				94E34D7D254053F600D4C43F /* F5.swift */,
			);
			path = SteganographyTechnology;
			sourceTree = "<group>";
		};
		94E34D852540540800D4C43F /* CryptographyTechnology */ = {
			isa = PBXGroup;
			children = (
				94E34D862540542B00D4C43F /* RSA.swift */,
			);
			path = CryptographyTechnology;
			sourceTree = "<group>";
		};
		94E34D8E2540544300D4C43F /* SwiftModels */ = {
			isa = PBXGroup;
			children = (
				94E34D8F2540546100D4C43F /* PhotoPicker.swift */,
				94E34D972540547C00D4C43F /* Function.swift */,
			);
			path = SwiftModels;
			sourceTree = "<group>";
		};
		94E34DA2254054AF00D4C43F /* SwiftUI_View */ = {
			isa = PBXGroup;
			children = (
				94E34DC4254055F300D4C43F /* SettingView.swift */,
				94E34DC92540561000D4C43F /* UserView.swift */,
				94E34DCE2540566300D4C43F /* RSAManagerView.swift */,
				94E34DE52540571C00D4C43F /* ExtractView.swift */,
				94E34DEA2540572E00D4C43F /* EmbedView.swift */,
			);
			path = SwiftUI_View;
			sourceTree = "<group>";
		};
		94E34DB72540556200D4C43F /* SwiftUI */ = {
			isa = PBXGroup;
			children = (
				94E34DD32540569A00D4C43F /* RSAManager.swift */,
				94E34DD8254056DA00D4C43F /* ImagePicker.swift */,
			);
			path = SwiftUI;
			sourceTree = "<group>";
		};
		94E34DEF254057B000D4C43F /* JpgFormat */ = {
			isa = PBXGroup;
			children = (
				94E34DF0254057CB00D4C43F /* HEADER.swift */,
				94E34DF825405A7200D4C43F /* DQT.swift */,
				94E34DFD25405A8600D4C43F /* DHT.swift */,
				94E34E0225405AAB00D4C43F /* DRI.swift */,
				94E34E0725405AE200D4C43F /* SOF0.swift */,
				94E34E0C25405AF600D4C43F /* SOS.swift */,
			);
			path = JpgFormat;
			sourceTree = "<group>";
		};
		FA4E087D25405C2300D6DE12 /* ContactsCoreData */ = {
			isa = PBXGroup;
			children = (
				FA4E087E25405C4600D6DE12 /* Contacts.swift */,
			);
			path = ContactsCoreData;
			sourceTree = "<group>";
		};
/* End PBXGroup section */

/* Begin PBXNativeTarget section */
		94E34D31254052AE00D4C43F /* JPG_Steganography */ = {
			isa = PBXNativeTarget;
			buildConfigurationList = 94E34D5F254052B000D4C43F /* Build configuration list for PBXNativeTarget "JPG_Steganography" */;
			buildPhases = (
				94E34D2E254052AE00D4C43F /* Sources */,
				94E34D2F254052AE00D4C43F /* Frameworks */,
				94E34D30254052AE00D4C43F /* Resources */,
			);
			buildRules = (
			);
			dependencies = (
			);
			name = JPG_Steganography;
			productName = JPG_Steganography;
			productReference = 94E34D32254052AE00D4C43F /* JPG_Steganography.app */;
			productType = "com.apple.product-type.application";
		};
		94E34D4A254052B000D4C43F /* JPG_SteganographyTests */ = {
			isa = PBXNativeTarget;
			buildConfigurationList = 94E34D62254052B000D4C43F /* Build configuration list for PBXNativeTarget "JPG_SteganographyTests" */;
			buildPhases = (
				94E34D47254052B000D4C43F /* Sources */,
				94E34D48254052B000D4C43F /* Frameworks */,
				94E34D49254052B000D4C43F /* Resources */,
			);
			buildRules = (
			);
			dependencies = (
				94E34D4D254052B000D4C43F /* PBXTargetDependency */,
			);
			name = JPG_SteganographyTests;
			productName = JPG_SteganographyTests;
			productReference = 94E34D4B254052B000D4C43F /* JPG_SteganographyTests.xctest */;
			productType = "com.apple.product-type.bundle.unit-test";
		};
		94E34D55254052B000D4C43F /* JPG_SteganographyUITests */ = {
			isa = PBXNativeTarget;
			buildConfigurationList = 94E34D65254052B000D4C43F /* Build configuration list for PBXNativeTarget "JPG_SteganographyUITests" */;
			buildPhases = (
				94E34D52254052B000D4C43F /* Sources */,
				94E34D53254052B000D4C43F /* Frameworks */,
				94E34D54254052B000D4C43F /* Resources */,
			);
			buildRules = (
			);
			dependencies = (
				94E34D58254052B000D4C43F /* PBXTargetDependency */,
			);
			name = JPG_SteganographyUITests;
			productName = JPG_SteganographyUITests;
			productReference = 94E34D56254052B000D4C43F /* JPG_SteganographyUITests.xctest */;
			productType = "com.apple.product-type.bundle.ui-testing";
		};
/* End PBXNativeTarget section */

/* Begin PBXProject section */
		94E34D2A254052AD00D4C43F /* Project object */ = {
			isa = PBXProject;
			attributes = {
				LastSwiftUpdateCheck = 1210;
				LastUpgradeCheck = 1210;
				TargetAttributes = {
					94E34D31254052AE00D4C43F = {
						CreatedOnToolsVersion = 12.1;
					};
					94E34D4A254052B000D4C43F = {
						CreatedOnToolsVersion = 12.1;
						TestTargetID = 94E34D31254052AE00D4C43F;
					};
					94E34D55254052B000D4C43F = {
						CreatedOnToolsVersion = 12.1;
						TestTargetID = 94E34D31254052AE00D4C43F;
					};
				};
			};
			buildConfigurationList = 94E34D2D254052AD00D4C43F /* Build configuration list for PBXProject "JPG_Steganography" */;
			compatibilityVersion = "Xcode 9.3";
			developmentRegion = en;
			hasScannedForEncodings = 0;
			knownRegions = (
				en,
				Base,
			);
			mainGroup = 94E34D29254052AD00D4C43F;
			productRefGroup = 94E34D33254052AE00D4C43F /* Products */;
			projectDirPath = "";
			projectRoot = "";
			targets = (
				94E34D31254052AE00D4C43F /* JPG_Steganography */,
				94E34D4A254052B000D4C43F /* JPG_SteganographyTests */,
				94E34D55254052B000D4C43F /* JPG_SteganographyUITests */,
			);
		};
/* End PBXProject section */

/* Begin PBXResourcesBuildPhase section */
		94E34D30254052AE00D4C43F /* Resources */ = {
			isa = PBXResourcesBuildPhase;
			buildActionMask = 2147483647;
			files = (
				94E34D45254052B000D4C43F /* LaunchScreen.storyboard in Resources */,
				94E34D42254052B000D4C43F /* Preview Assets.xcassets in Resources */,
				94E34E1225405B7800D4C43F /* photo.png in Resources */,
				94E34D3F254052B000D4C43F /* Assets.xcassets in Resources */,
			);
			runOnlyForDeploymentPostprocessing = 0;
		};
		94E34D49254052B000D4C43F /* Resources */ = {
			isa = PBXResourcesBuildPhase;
			buildActionMask = 2147483647;
			files = (
			);
			runOnlyForDeploymentPostprocessing = 0;
		};
		94E34D54254052B000D4C43F /* Resources */ = {
			isa = PBXResourcesBuildPhase;
			buildActionMask = 2147483647;
			files = (
			);
			runOnlyForDeploymentPostprocessing = 0;
		};
/* End PBXResourcesBuildPhase section */

/* Begin PBXSourcesBuildPhase section */
		94E34D2E254052AE00D4C43F /* Sources */ = {
			isa = PBXSourcesBuildPhase;
			buildActionMask = 2147483647;
			files = (
				94E34DF1254057CB00D4C43F /* HEADER.swift in Sources */,
				94E34D7E254053F600D4C43F /* F5.swift in Sources */,
				94E34D732540535C00D4C43F /* JPG.swift in Sources */,
				94E34E0325405AAB00D4C43F /* DRI.swift in Sources */,
				94E34E0D25405AF600D4C43F /* SOS.swift in Sources */,
				94E34DEB2540572E00D4C43F /* EmbedView.swift in Sources */,
				94E34E0825405AE200D4C43F /* SOF0.swift in Sources */,
				94E34DFE25405A8600D4C43F /* DHT.swift in Sources */,
				FA4E087F25405C4600D6DE12 /* Contacts.swift in Sources */,
				94E34DE62540571C00D4C43F /* ExtractView.swift in Sources */,
				94E34DD42540569A00D4C43F /* RSAManager.swift in Sources */,
				94E34DCF2540566300D4C43F /* RSAManagerView.swift in Sources */,
				94E34D902540546100D4C43F /* PhotoPicker.swift in Sources */,
				94E34D872540542B00D4C43F /* RSA.swift in Sources */,
				94E34D36254052AE00D4C43F /* AppDelegate.swift in Sources */,
				94E34D38254052AE00D4C43F /* SceneDelegate.swift in Sources */,
				94E34D782540539A00D4C43F /* Embedder.swift in Sources */,
				94E34DCA2540561000D4C43F /* UserView.swift in Sources */,
				94E34DF925405A7200D4C43F /* DQT.swift in Sources */,
				94E34D3D254052AE00D4C43F /* JPG_Steganography.xcdatamodeld in Sources */,
				94E34D3A254052AE00D4C43F /* ContentView.swift in Sources */,
				94E34DD9254056DA00D4C43F /* ImagePicker.swift in Sources */,
				94E34D982540547C00D4C43F /* Function.swift in Sources */,
				94E34DC5254055F300D4C43F /* SettingView.swift in Sources */,
			);
			runOnlyForDeploymentPostprocessing = 0;
		};
		94E34D47254052B000D4C43F /* Sources */ = {
			isa = PBXSourcesBuildPhase;
			buildActionMask = 2147483647;
			files = (
				94E34D50254052B000D4C43F /* JPG_SteganographyTests.swift in Sources */,
			);
			runOnlyForDeploymentPostprocessing = 0;
		};
		94E34D52254052B000D4C43F /* Sources */ = {
			isa = PBXSourcesBuildPhase;
			buildActionMask = 2147483647;
			files = (
				94E34D5B254052B000D4C43F /* JPG_SteganographyUITests.swift in Sources */,
			);
			runOnlyForDeploymentPostprocessing = 0;
		};
/* End PBXSourcesBuildPhase section */

/* Begin PBXTargetDependency section */
		94E34D4D254052B000D4C43F /* PBXTargetDependency */ = {
			isa = PBXTargetDependency;
			target = 94E34D31254052AE00D4C43F /* JPG_Steganography */;
			targetProxy = 94E34D4C254052B000D4C43F /* PBXContainerItemProxy */;
		};
		94E34D58254052B000D4C43F /* PBXTargetDependency */ = {
			isa = PBXTargetDependency;
			target = 94E34D31254052AE00D4C43F /* JPG_Steganography */;
			targetProxy = 94E34D57254052B000D4C43F /* PBXContainerItemProxy */;
		};
/* End PBXTargetDependency section */

/* Begin PBXVariantGroup section */
		94E34D43254052B000D4C43F /* LaunchScreen.storyboard */ = {
			isa = PBXVariantGroup;
			children = (
				94E34D44254052B000D4C43F /* Base */,
			);
			name = LaunchScreen.storyboard;
			sourceTree = "<group>";
		};
/* End PBXVariantGroup section */

/* Begin XCBuildConfiguration section */
		94E34D5D254052B000D4C43F /* Debug */ = {
			isa = XCBuildConfiguration;
			buildSettings = {
				ALWAYS_SEARCH_USER_PATHS = NO;
				CLANG_ANALYZER_NONNULL = YES;
				CLANG_ANALYZER_NUMBER_OBJECT_CONVERSION = YES_AGGRESSIVE;
				CLANG_CXX_LANGUAGE_STANDARD = "gnu++14";
				CLANG_CXX_LIBRARY = "libc++";
				CLANG_ENABLE_MODULES = YES;
				CLANG_ENABLE_OBJC_ARC = YES;
				CLANG_ENABLE_OBJC_WEAK = YES;
				CLANG_WARN_BLOCK_CAPTURE_AUTORELEASING = YES;
				CLANG_WARN_BOOL_CONVERSION = YES;
				CLANG_WARN_COMMA = YES;
				CLANG_WARN_CONSTANT_CONVERSION = YES;
				CLANG_WARN_DEPRECATED_OBJC_IMPLEMENTATIONS = YES;
				CLANG_WARN_DIRECT_OBJC_ISA_USAGE = YES_ERROR;
				CLANG_WARN_DOCUMENTATION_COMMENTS = YES;
				CLANG_WARN_EMPTY_BODY = YES;
				CLANG_WARN_ENUM_CONVERSION = YES;
				CLANG_WARN_INFINITE_RECURSION = YES;
				CLANG_WARN_INT_CONVERSION = YES;
				CLANG_WARN_NON_LITERAL_NULL_CONVERSION = YES;
				CLANG_WARN_OBJC_IMPLICIT_RETAIN_SELF = YES;
				CLANG_WARN_OBJC_LITERAL_CONVERSION = YES;
				CLANG_WARN_OBJC_ROOT_CLASS = YES_ERROR;
				CLANG_WARN_QUOTED_INCLUDE_IN_FRAMEWORK_HEADER = YES;
				CLANG_WARN_RANGE_LOOP_ANALYSIS = YES;
				CLANG_WARN_STRICT_PROTOTYPES = YES;
				CLANG_WARN_SUSPICIOUS_MOVE = YES;
				CLANG_WARN_UNGUARDED_AVAILABILITY = YES_AGGRESSIVE;
				CLANG_WARN_UNREACHABLE_CODE = YES;
				CLANG_WARN__DUPLICATE_METHOD_MATCH = YES;
				COPY_PHASE_STRIP = NO;
				DEBUG_INFORMATION_FORMAT = dwarf;
				ENABLE_STRICT_OBJC_MSGSEND = YES;
				ENABLE_TESTABILITY = YES;
				GCC_C_LANGUAGE_STANDARD = gnu11;
				GCC_DYNAMIC_NO_PIC = NO;
				GCC_NO_COMMON_BLOCKS = YES;
				GCC_OPTIMIZATION_LEVEL = 0;
				GCC_PREPROCESSOR_DEFINITIONS = (
					"DEBUG=1",
					"$(inherited)",
				);
				GCC_WARN_64_TO_32_BIT_CONVERSION = YES;
				GCC_WARN_ABOUT_RETURN_TYPE = YES_ERROR;
				GCC_WARN_UNDECLARED_SELECTOR = YES;
				GCC_WARN_UNINITIALIZED_AUTOS = YES_AGGRESSIVE;
				GCC_WARN_UNUSED_FUNCTION = YES;
				GCC_WARN_UNUSED_VARIABLE = YES;
				IPHONEOS_DEPLOYMENT_TARGET = 14.1;
				MTL_ENABLE_DEBUG_INFO = INCLUDE_SOURCE;
				MTL_FAST_MATH = YES;
				ONLY_ACTIVE_ARCH = YES;
				SDKROOT = iphoneos;
				SWIFT_ACTIVE_COMPILATION_CONDITIONS = DEBUG;
				SWIFT_OPTIMIZATION_LEVEL = "-Onone";
			};
			name = Debug;
		};
		94E34D5E254052B000D4C43F /* Release */ = {
			isa = XCBuildConfiguration;
			buildSettings = {
				ALWAYS_SEARCH_USER_PATHS = NO;
				CLANG_ANALYZER_NONNULL = YES;
				CLANG_ANALYZER_NUMBER_OBJECT_CONVERSION = YES_AGGRESSIVE;
				CLANG_CXX_LANGUAGE_STANDARD = "gnu++14";
				CLANG_CXX_LIBRARY = "libc++";
				CLANG_ENABLE_MODULES = YES;
				CLANG_ENABLE_OBJC_ARC = YES;
				CLANG_ENABLE_OBJC_WEAK = YES;
				CLANG_WARN_BLOCK_CAPTURE_AUTORELEASING = YES;
				CLANG_WARN_BOOL_CONVERSION = YES;
				CLANG_WARN_COMMA = YES;
				CLANG_WARN_CONSTANT_CONVERSION = YES;
				CLANG_WARN_DEPRECATED_OBJC_IMPLEMENTATIONS = YES;
				CLANG_WARN_DIRECT_OBJC_ISA_USAGE = YES_ERROR;
				CLANG_WARN_DOCUMENTATION_COMMENTS = YES;
				CLANG_WARN_EMPTY_BODY = YES;
				CLANG_WARN_ENUM_CONVERSION = YES;
				CLANG_WARN_INFINITE_RECURSION = YES;
				CLANG_WARN_INT_CONVERSION = YES;
				CLANG_WARN_NON_LITERAL_NULL_CONVERSION = YES;
				CLANG_WARN_OBJC_IMPLICIT_RETAIN_SELF = YES;
				CLANG_WARN_OBJC_LITERAL_CONVERSION = YES;
				CLANG_WARN_OBJC_ROOT_CLASS = YES_ERROR;
				CLANG_WARN_QUOTED_INCLUDE_IN_FRAMEWORK_HEADER = YES;
				CLANG_WARN_RANGE_LOOP_ANALYSIS = YES;
				CLANG_WARN_STRICT_PROTOTYPES = YES;
				CLANG_WARN_SUSPICIOUS_MOVE = YES;
				CLANG_WARN_UNGUARDED_AVAILABILITY = YES_AGGRESSIVE;
				CLANG_WARN_UNREACHABLE_CODE = YES;
				CLANG_WARN__DUPLICATE_METHOD_MATCH = YES;
				COPY_PHASE_STRIP = NO;
				DEBUG_INFORMATION_FORMAT = "dwarf-with-dsym";
				ENABLE_NS_ASSERTIONS = NO;
				ENABLE_STRICT_OBJC_MSGSEND = YES;
				GCC_C_LANGUAGE_STANDARD = gnu11;
				GCC_NO_COMMON_BLOCKS = YES;
				GCC_WARN_64_TO_32_BIT_CONVERSION = YES;
				GCC_WARN_ABOUT_RETURN_TYPE = YES_ERROR;
				GCC_WARN_UNDECLARED_SELECTOR = YES;
				GCC_WARN_UNINITIALIZED_AUTOS = YES_AGGRESSIVE;
				GCC_WARN_UNUSED_FUNCTION = YES;
				GCC_WARN_UNUSED_VARIABLE = YES;
				IPHONEOS_DEPLOYMENT_TARGET = 14.1;
				MTL_ENABLE_DEBUG_INFO = NO;
				MTL_FAST_MATH = YES;
				SDKROOT = iphoneos;
				SWIFT_COMPILATION_MODE = wholemodule;
				SWIFT_OPTIMIZATION_LEVEL = "-O";
				VALIDATE_PRODUCT = YES;
			};
			name = Release;
		};
		94E34D60254052B000D4C43F /* Debug */ = {
			isa = XCBuildConfiguration;
			buildSettings = {
				ASSETCATALOG_COMPILER_APPICON_NAME = AppIcon;
				ASSETCATALOG_COMPILER_GLOBAL_ACCENT_COLOR_NAME = AccentColor;
				CODE_SIGN_STYLE = Automatic;
				DEVELOPMENT_ASSET_PATHS = "\"JPG_Steganography/Preview Content\"";
				DEVELOPMENT_TEAM = QQQR6X6S74;
				ENABLE_PREVIEWS = YES;
				INFOPLIST_FILE = JPG_Steganography/Info.plist;
				LD_RUNPATH_SEARCH_PATHS = (
					"$(inherited)",
					"@executable_path/Frameworks",
				);
				PRODUCT_BUNDLE_IDENTIFIER = "wengDanny.JPG-Steganography";
				PRODUCT_NAME = "$(TARGET_NAME)";
				SWIFT_VERSION = 5.0;
				TARGETED_DEVICE_FAMILY = "1,2";
			};
			name = Debug;
		};
		94E34D61254052B000D4C43F /* Release */ = {
			isa = XCBuildConfiguration;
			buildSettings = {
				ASSETCATALOG_COMPILER_APPICON_NAME = AppIcon;
				ASSETCATALOG_COMPILER_GLOBAL_ACCENT_COLOR_NAME = AccentColor;
				CODE_SIGN_STYLE = Automatic;
				DEVELOPMENT_ASSET_PATHS = "\"JPG_Steganography/Preview Content\"";
				DEVELOPMENT_TEAM = QQQR6X6S74;
				ENABLE_PREVIEWS = YES;
				INFOPLIST_FILE = JPG_Steganography/Info.plist;
				LD_RUNPATH_SEARCH_PATHS = (
					"$(inherited)",
					"@executable_path/Frameworks",
				);
				PRODUCT_BUNDLE_IDENTIFIER = "wengDanny.JPG-Steganography";
				PRODUCT_NAME = "$(TARGET_NAME)";
				SWIFT_VERSION = 5.0;
				TARGETED_DEVICE_FAMILY = "1,2";
			};
			name = Release;
		};
		94E34D63254052B000D4C43F /* Debug */ = {
			isa = XCBuildConfiguration;
			buildSettings = {
				ALWAYS_EMBED_SWIFT_STANDARD_LIBRARIES = YES;
				BUNDLE_LOADER = "$(TEST_HOST)";
				CODE_SIGN_STYLE = Automatic;
				DEVELOPMENT_TEAM = 875NJY6PBG;
				INFOPLIST_FILE = JPG_SteganographyTests/Info.plist;
				IPHONEOS_DEPLOYMENT_TARGET = 14.1;
				LD_RUNPATH_SEARCH_PATHS = (
					"$(inherited)",
					"@executable_path/Frameworks",
					"@loader_path/Frameworks",
				);
				PRODUCT_BUNDLE_IDENTIFIER = "wengDanny.06360984.JPG-SteganographyTests";
				PRODUCT_NAME = "$(TARGET_NAME)";
				SWIFT_VERSION = 5.0;
				TARGETED_DEVICE_FAMILY = "1,2";
				TEST_HOST = "$(BUILT_PRODUCTS_DIR)/JPG_Steganography.app/JPG_Steganography";
			};
			name = Debug;
		};
		94E34D64254052B000D4C43F /* Release */ = {
			isa = XCBuildConfiguration;
			buildSettings = {
				ALWAYS_EMBED_SWIFT_STANDARD_LIBRARIES = YES;
				BUNDLE_LOADER = "$(TEST_HOST)";
				CODE_SIGN_STYLE = Automatic;
				DEVELOPMENT_TEAM = 875NJY6PBG;
				INFOPLIST_FILE = JPG_SteganographyTests/Info.plist;
				IPHONEOS_DEPLOYMENT_TARGET = 14.1;
				LD_RUNPATH_SEARCH_PATHS = (
					"$(inherited)",
					"@executable_path/Frameworks",
					"@loader_path/Frameworks",
				);
				PRODUCT_BUNDLE_IDENTIFIER = "wengDanny.06360984.JPG-SteganographyTests";
				PRODUCT_NAME = "$(TARGET_NAME)";
				SWIFT_VERSION = 5.0;
				TARGETED_DEVICE_FAMILY = "1,2";
				TEST_HOST = "$(BUILT_PRODUCTS_DIR)/JPG_Steganography.app/JPG_Steganography";
			};
			name = Release;
		};
		94E34D66254052B000D4C43F /* Debug */ = {
			isa = XCBuildConfiguration;
			buildSettings = {
				ALWAYS_EMBED_SWIFT_STANDARD_LIBRARIES = YES;
				CODE_SIGN_STYLE = Automatic;
				DEVELOPMENT_TEAM = 875NJY6PBG;
				INFOPLIST_FILE = JPG_SteganographyUITests/Info.plist;
				LD_RUNPATH_SEARCH_PATHS = (
					"$(inherited)",
					"@executable_path/Frameworks",
					"@loader_path/Frameworks",
				);
				PRODUCT_BUNDLE_IDENTIFIER = "wengDanny.06360984.JPG-SteganographyUITests";
				PRODUCT_NAME = "$(TARGET_NAME)";
				SWIFT_VERSION = 5.0;
				TARGETED_DEVICE_FAMILY = "1,2";
				TEST_TARGET_NAME = JPG_Steganography;
			};
			name = Debug;
		};
		94E34D67254052B000D4C43F /* Release */ = {
			isa = XCBuildConfiguration;
			buildSettings = {
				ALWAYS_EMBED_SWIFT_STANDARD_LIBRARIES = YES;
				CODE_SIGN_STYLE = Automatic;
				DEVELOPMENT_TEAM = 875NJY6PBG;
				INFOPLIST_FILE = JPG_SteganographyUITests/Info.plist;
				LD_RUNPATH_SEARCH_PATHS = (
					"$(inherited)",
					"@executable_path/Frameworks",
					"@loader_path/Frameworks",
				);
				PRODUCT_BUNDLE_IDENTIFIER = "wengDanny.06360984.JPG-SteganographyUITests";
				PRODUCT_NAME = "$(TARGET_NAME)";
				SWIFT_VERSION = 5.0;
				TARGETED_DEVICE_FAMILY = "1,2";
				TEST_TARGET_NAME = JPG_Steganography;
			};
			name = Release;
		};
/* End XCBuildConfiguration section */

/* Begin XCConfigurationList section */
		94E34D2D254052AD00D4C43F /* Build configuration list for PBXProject "JPG_Steganography" */ = {
			isa = XCConfigurationList;
			buildConfigurations = (
				94E34D5D254052B000D4C43F /* Debug */,
				94E34D5E254052B000D4C43F /* Release */,
			);
			defaultConfigurationIsVisible = 0;
			defaultConfigurationName = Release;
		};
		94E34D5F254052B000D4C43F /* Build configuration list for PBXNativeTarget "JPG_Steganography" */ = {
			isa = XCConfigurationList;
			buildConfigurations = (
				94E34D60254052B000D4C43F /* Debug */,
				94E34D61254052B000D4C43F /* Release */,
			);
			defaultConfigurationIsVisible = 0;
			defaultConfigurationName = Release;
		};
		94E34D62254052B000D4C43F /* Build configuration list for PBXNativeTarget "JPG_SteganographyTests" */ = {
			isa = XCConfigurationList;
			buildConfigurations = (
				94E34D63254052B000D4C43F /* Debug */,
				94E34D64254052B000D4C43F /* Release */,
			);
			defaultConfigurationIsVisible = 0;
			defaultConfigurationName = Release;
		};
		94E34D65254052B000D4C43F /* Build configuration list for PBXNativeTarget "JPG_SteganographyUITests" */ = {
			isa = XCConfigurationList;
			buildConfigurations = (
				94E34D66254052B000D4C43F /* Debug */,
				94E34D67254052B000D4C43F /* Release */,
			);
			defaultConfigurationIsVisible = 0;
			defaultConfigurationName = Release;
		};
/* End XCConfigurationList section */

/* Begin XCVersionGroup section */
		94E34D3B254052AE00D4C43F /* JPG_Steganography.xcdatamodeld */ = {
			isa = XCVersionGroup;
			children = (
				94E34D3C254052AE00D4C43F /* JPG_Steganography.xcdatamodel */,
			);
			currentVersion = 94E34D3C254052AE00D4C43F /* JPG_Steganography.xcdatamodel */;
			path = JPG_Steganography.xcdatamodeld;
			sourceTree = "<group>";
			versionGroupType = wrapper.xcdatamodel;
		};
/* End XCVersionGroup section */
	};
	rootObject = 94E34D2A254052AD00D4C43F /* Project object */;
}
